{
  "requires": true,
  "lockfileVersion": 1,
  "dependencies": {
    "luxon": {
      "version": "1.11.3",
      "resolved": "https://registry.npmjs.org/luxon/-/luxon-1.11.3.tgz",
      "integrity": "sha512-/0jMa+JfTRBx1ixsSBs5ZPAQ32H+TPeP9BvgRf0Gi4VxCqhUpRNWagwupy6wA8MckazneKWBLCcwwAH8hkQamg==",
      "dev": true
    },
    "vue-datetime": {
      "version": "1.0.0-beta.10",
      "resolved": "https://registry.npmjs.org/vue-datetime/-/vue-datetime-1.0.0-beta.10.tgz",
      "integrity": "sha512-/wJkj95JSzWqH0Ja4JpXX6I+fXo2A34GCtsx00vR5RjNxk3++93rg7G4ZlI3MFo807zH9bIxXfIohbAZgnAWbQ==",
      "dev": true
    },
    "weekstart": {
      "version": "1.0.0",
      "resolved": "https://registry.npmjs.org/weekstart/-/weekstart-1.0.0.tgz",
      "integrity": "sha1-4K7jWNRa2ZgCJUdp17KjTJOA9Tk=",
      "dev": true
    }
  }
}
